{
  "version": 4,
  "terraform_version": "1.4.6",
  "serial": 17,
  "lineage": "d0e02ff5-9550-4c2d-c35f-50ba8e831848",
  "outputs": {
    "list_of_az": {
      "value": [
        "us-east-1a",
        "us-east-1b"
      ],
      "type": [
        "tuple",
        [
          "string",
          "string"
        ]
      ]
    }
  },
  "resources": [
    {
      "mode": "data",
      "type": "aws_availability_zones",
      "name": "available",
      "provider": "provider[\"registry.terraform.io/hashicorp/aws\"]",
      "instances": [
        {
          "schema_version": 0,
          "attributes": {
            "all_availability_zones": null,
            "exclude_names": null,
            "exclude_zone_ids": null,
            "filter": null,
            "group_names": [
              "us-east-1"
            ],
            "id": "us-east-1",
            "names": [
              "us-east-1a",
              "us-east-1b",
              "us-east-1c",
              "us-east-1d",
              "us-east-1e",
              "us-east-1f"
            ],
            "state": "available",
            "timeouts": null,
            "zone_ids": [
              "use1-az6",
              "use1-az1",
              "use1-az2",
              "use1-az4",
              "use1-az3",
              "use1-az5"
            ]
          },
          "sensitive_attributes": []
        }
      ]
    },
    {
      "mode": "managed",
      "type": "aws_eks_cluster",
      "name": "flask_cluster",
      "provider": "provider[\"registry.terraform.io/hashicorp/aws\"]",
      "instances": [
        {
          "schema_version": 0,
          "attributes": {
            "arn": "arn:aws:eks:us-east-1:590671106905:cluster/python_flask_cluster",
            "certificate_authority": [
              {
                "data": "LS0tLS1CRUdJTiBDRVJUSUZJQ0FURS0tLS0tCk1JSUMvakNDQWVhZ0F3SUJBZ0lCQURBTkJna3Foa2lHOXcwQkFRc0ZBREFWTVJNd0VRWURWUVFERXdwcmRXSmwKY201bGRHVnpNQjRYRFRJek1EWXlOekV5TkRFMU5sb1hEVE16TURZeU5ERXlOREUxTmxvd0ZURVRNQkVHQTFVRQpBeE1LYTNWaVpYSnVaWFJsY3pDQ0FTSXdEUVlKS29aSWh2Y05BUUVCQlFBRGdnRVBBRENDQVFvQ2dnRUJBTnlUCmNsNlpqRDIrbUtUTk1hZmNDVUg3TTl4blRZTXFjb2R0ZXBEOW1DT3RoT1JSbG95NnVOaEpPODc1UnVHenZYR3gKZ1pJSUkxWHhQUG5tVEpDTHpjMEIybm1TQmUwWWd5WlQyYktacVRZcEtSa0hZZmdpT1F6NXJRNUk0bHF1cHZYaQpuNzEzNDRad0NBcHkxMExpWk9SZVJLaWpaSTZEOUtlNDNYVFpBWEdpakt3QlY1Z1JVT0I0bjFBVzBJNUw1NUJjCk1iUy9ubXBDanFEY3BEKzFmdi9kZ0ZwYTg1a1F2dWZGVmIyMVhkQU9vZEc2VnpLSkhOZnE3S0Z5ZXBTRC9iMGwKWkxJWFRyK2ZkUlVtMWw1NU5VSDBzS2g3dFJuYkJRNWFycXhVa0htcWV1czV6Q3B1UGx6TzB3d3B5alhUb1BTbQpVckU0UlhKZ3AwWWM3VElSM2lNQ0F3RUFBYU5aTUZjd0RnWURWUjBQQVFIL0JBUURBZ0trTUE4R0ExVWRFd0VCCi93UUZNQU1CQWY4d0hRWURWUjBPQkJZRUZIN1BKM2lpNmIzU0xoTGVUaTljVFlyYmVtMDBNQlVHQTFVZEVRUU8KTUF5Q0NtdDFZbVZ5Ym1WMFpYTXdEUVlKS29aSWh2Y05BUUVMQlFBRGdnRUJBQ2dvR2FMaU9ENnlhQ050UEdoMQpRa3ZtZ0IyVnlacHNTblh2enBzdTlUbS9yM3JLZU5XWFZmc0VmSzBOMVdmU2Q0TlIxOXozSkFra2xpS0ZicXl2Cit0Qk5LZ2lIWmlKOE96MFoxZFgwK0xmUnN6ejI4WVpRdUtRNGJ0NTNHdEdmYWtDVVlYL1JEelVkUFdnVmdRL1kKNkdzRGtaWTFnMG03WHAzWnArbHZiMmhyVkY1NWdZWHlsSy9JcGtvR0hwWGtRWjd1ZG4vKzV4dkd2bWtLNkVmSgpPcGFPVGxTOUlHSzI0TXpLZFkzVE1rR0VTZFNjU1RkSTl5VGJSdURkZnRYVzRaamZvay80ZkNnRm02OEpJcW1jCjhIckJZbHorb2FGT0xKcmVydm1DUWtiRHFJVmVpcEEzRFBTWXRLdVkweVlCa0JkcmFWT1ZvNzBtK3U5Zk8wNTkKTmdzPQotLS0tLUVORCBDRVJUSUZJQ0FURS0tLS0tCg=="
              }
            ],
            "cluster_id": null,
            "created_at": "2023-06-27 12:36:13.318 +0000 UTC",
            "enabled_cluster_log_types": null,
            "encryption_config": [],
            "endpoint": "https://1502B35353A8A8D673200B4D8BDA58D4.gr7.us-east-1.eks.amazonaws.com",
            "id": "python_flask_cluster",
            "identity": [
              {
                "oidc": [
                  {
                    "issuer": "https://oidc.eks.us-east-1.amazonaws.com/id/1502B35353A8A8D673200B4D8BDA58D4"
                  }
                ]
              }
            ],
            "kubernetes_network_config": [
              {
                "ip_family": "ipv4",
                "service_ipv4_cidr": "172.20.0.0/16",
                "service_ipv6_cidr": ""
              }
            ],
            "name": "python_flask_cluster",
            "outpost_config": [],
            "platform_version": "eks.2",
            "role_arn": "arn:aws:iam::590671106905:role/akshata-eks-role",
            "status": "ACTIVE",
            "tags": null,
            "tags_all": {},
            "timeouts": null,
            "version": "1.27",
            "vpc_config": [
              {
                "cluster_security_group_id": "sg-02de4a0d8fad2f040",
                "endpoint_private_access": false,
                "endpoint_public_access": true,
                "public_access_cidrs": [
                  "0.0.0.0/0"
                ],
                "security_group_ids": null,
                "subnet_ids": [
                  "subnet-061d79a2cd25fa2ad",
                  "subnet-09537f9635bfc8e9b"
                ],
                "vpc_id": "vpc-018cef752977c741c"
              }
            ]
          },
          "sensitive_attributes": [],
          "private": "eyJlMmJmYjczMC1lY2FhLTExZTYtOGY4OC0zNDM2M2JjN2M0YzAiOnsiY3JlYXRlIjoxODAwMDAwMDAwMDAwLCJkZWxldGUiOjkwMDAwMDAwMDAwMCwidXBkYXRlIjozNjAwMDAwMDAwMDAwfX0=",
          "dependencies": [
            "aws_subnet.us_vpc_subnet",
            "aws_subnet.us_vpc_subnet2"
          ]
        }
      ]
    },
    {
      "mode": "managed",
      "type": "aws_subnet",
      "name": "us_vpc_subnet",
      "provider": "provider[\"registry.terraform.io/hashicorp/aws\"]",
      "instances": [
        {
          "schema_version": 1,
          "attributes": {
            "arn": "arn:aws:ec2:us-east-1:590671106905:subnet/subnet-061d79a2cd25fa2ad",
            "assign_ipv6_address_on_creation": false,
            "availability_zone": "us-east-1a",
            "availability_zone_id": "use1-az6",
            "cidr_block": "10.0.0.0/24",
            "customer_owned_ipv4_pool": "",
            "enable_dns64": false,
            "enable_lni_at_device_index": 0,
            "enable_resource_name_dns_a_record_on_launch": false,
            "enable_resource_name_dns_aaaa_record_on_launch": false,
            "id": "subnet-061d79a2cd25fa2ad",
            "ipv6_cidr_block": "",
            "ipv6_cidr_block_association_id": "",
            "ipv6_native": false,
            "map_customer_owned_ip_on_launch": false,
            "map_public_ip_on_launch": true,
            "outpost_arn": "",
            "owner_id": "590671106905",
            "private_dns_hostname_type_on_launch": "ip-name",
            "tags": {
              "Name": "us-vpc-subnet"
            },
            "tags_all": {
              "Name": "us-vpc-subnet"
            },
            "timeouts": null,
            "vpc_id": "vpc-018cef752977c741c"
          },
          "sensitive_attributes": [],
          "private": "eyJlMmJmYjczMC1lY2FhLTExZTYtOGY4OC0zNDM2M2JjN2M0YzAiOnsiY3JlYXRlIjo2MDAwMDAwMDAwMDAsImRlbGV0ZSI6MTIwMDAwMDAwMDAwMH0sInNjaGVtYV92ZXJzaW9uIjoiMSJ9",
          "dependencies": [
            "aws_vpc.us_vpc",
            "data.aws_availability_zones.available"
          ]
        }
      ]
    },
    {
      "mode": "managed",
      "type": "aws_subnet",
      "name": "us_vpc_subnet2",
      "provider": "provider[\"registry.terraform.io/hashicorp/aws\"]",
      "instances": [
        {
          "schema_version": 1,
          "attributes": {
            "arn": "arn:aws:ec2:us-east-1:590671106905:subnet/subnet-09537f9635bfc8e9b",
            "assign_ipv6_address_on_creation": false,
            "availability_zone": "us-east-1b",
            "availability_zone_id": "use1-az1",
            "cidr_block": "10.0.2.0/24",
            "customer_owned_ipv4_pool": "",
            "enable_dns64": false,
            "enable_lni_at_device_index": 0,
            "enable_resource_name_dns_a_record_on_launch": false,
            "enable_resource_name_dns_aaaa_record_on_launch": false,
            "id": "subnet-09537f9635bfc8e9b",
            "ipv6_cidr_block": "",
            "ipv6_cidr_block_association_id": "",
            "ipv6_native": false,
            "map_customer_owned_ip_on_launch": false,
            "map_public_ip_on_launch": false,
            "outpost_arn": "",
            "owner_id": "590671106905",
            "private_dns_hostname_type_on_launch": "ip-name",
            "tags": {
              "Name": "us-vpc-subnet2"
            },
            "tags_all": {
              "Name": "us-vpc-subnet2"
            },
            "timeouts": null,
            "vpc_id": "vpc-018cef752977c741c"
          },
          "sensitive_attributes": [],
          "private": "eyJlMmJmYjczMC1lY2FhLTExZTYtOGY4OC0zNDM2M2JjN2M0YzAiOnsiY3JlYXRlIjo2MDAwMDAwMDAwMDAsImRlbGV0ZSI6MTIwMDAwMDAwMDAwMH0sInNjaGVtYV92ZXJzaW9uIjoiMSJ9",
          "dependencies": [
            "aws_vpc.us_vpc",
            "data.aws_availability_zones.available"
          ]
        }
      ]
    },
    {
      "mode": "managed",
      "type": "aws_vpc",
      "name": "us_vpc",
      "provider": "provider[\"registry.terraform.io/hashicorp/aws\"]",
      "instances": [
        {
          "schema_version": 1,
          "attributes": {
            "arn": "arn:aws:ec2:us-east-1:590671106905:vpc/vpc-018cef752977c741c",
            "assign_generated_ipv6_cidr_block": false,
            "cidr_block": "10.0.0.0/16",
            "default_network_acl_id": "acl-0c5a997b41eb3ecf7",
            "default_route_table_id": "rtb-033d412c34ee88068",
            "default_security_group_id": "sg-060cf7581f363905a",
            "dhcp_options_id": "dopt-017dd7d6c16f03a3c",
            "enable_dns_hostnames": true,
            "enable_dns_support": true,
            "enable_network_address_usage_metrics": false,
            "id": "vpc-018cef752977c741c",
            "instance_tenancy": "default",
            "ipv4_ipam_pool_id": null,
            "ipv4_netmask_length": null,
            "ipv6_association_id": "",
            "ipv6_cidr_block": "",
            "ipv6_cidr_block_network_border_group": "",
            "ipv6_ipam_pool_id": "",
            "ipv6_netmask_length": 0,
            "main_route_table_id": "rtb-033d412c34ee88068",
            "owner_id": "590671106905",
            "tags": {
              "Name": "us-vpc"
            },
            "tags_all": {
              "Name": "us-vpc"
            }
          },
          "sensitive_attributes": [],
          "private": "eyJzY2hlbWFfdmVyc2lvbiI6IjEifQ=="
        }
      ]
    }
  ],
  "check_results": null
}
